
Microsoft Visual Studio Solution File, Format Version 12.00
# Visual Studio Version 17
VisualStudioVersion = 17.6.33815.320
MinimumVisualStudioVersion = 10.0.40219.1
Project("{FAE04EC0-301F-11D3-BF4B-00C04F79EFBC}") = "gyak11_FZ2LLD", "gyak11_FZ2LLD\gyak11_FZ2LLD.csproj", "{A15058C8-F887-43A6-B79B-9B0D331E13DD}"
EndProject
Global
	GlobalSection(SolutionConfigurationPlatforms) = preSolution
		Debug|Any CPU = Debug|Any CPU
		Release|Any CPU = Release|Any CPU
	EndGlobalSection
	GlobalSection(ProjectConfigurationPlatforms) = postSolution
		{A15058C8-F887-43A6-B79B-9B0D331E13DD}.Debug|Any CPU.ActiveCfg = Debug|Any CPU
		{A15058C8-F887-43A6-B79B-9B0D331E13DD}.Debug|Any CPU.Build.0 = Debug|Any CPU
		{A15058C8-F887-43A6-B79B-9B0D331E13DD}.Release|Any CPU.ActiveCfg = Release|Any CPU
		{A15058C8-F887-43A6-B79B-9B0D331E13DD}.Release|Any CPU.Build.0 = Release|Any CPU
	EndGlobalSection
	GlobalSection(SolutionProperties) = preSolution
		HideSolutionNode = FALSE
	EndGlobalSection
	GlobalSection(ExtensibilityGlobals) = postSolution
		SolutionGuid = {372EFC13-3AFD-476D-A39A-CCBF8807551B}
	EndGlobalSection
EndGlobal
